
Microsoft Visual Studio Solution File, Format Version 12.00
# Visual Studio Version 16
VisualStudioVersion = 16.0.31005.135
MinimumVisualStudioVersion = 10.0.40219.1
Project("{FAE04EC0-301F-11D3-BF4B-00C04F79EFBC}") = "OrnekUygulama", "OrnekUygulama\OrnekUygulama.csproj", "{83476B65-DDFA-4811-9434-1708A934FCB1}"
EndProject
Global
	GlobalSection(SolutionConfigurationPlatforms) = preSolution
		Debug|Any CPU = Debug|Any CPU
		Release|Any CPU = Release|Any CPU
	EndGlobalSection
	GlobalSection(ProjectConfigurationPlatforms) = postSolution
		{83476B65-DDFA-4811-9434-1708A934FCB1}.Debug|Any CPU.ActiveCfg = Debug|Any CPU
		{83476B65-DDFA-4811-9434-1708A934FCB1}.Debug|Any CPU.Build.0 = Debug|Any CPU
		{83476B65-DDFA-4811-9434-1708A934FCB1}.Release|Any CPU.ActiveCfg = Release|Any CPU
		{83476B65-DDFA-4811-9434-1708A934FCB1}.Release|Any CPU.Build.0 = Release|Any CPU
	EndGlobalSection
	GlobalSection(SolutionProperties) = preSolution
		HideSolutionNode = FALSE
	EndGlobalSection
	GlobalSection(ExtensibilityGlobals) = postSolution
		SolutionGuid = {774A76B7-5860-422F-8E70-01391865E584}
	EndGlobalSection
EndGlobal
